Microsoft Visual Studio Solution File, Format Version 11.00
# Visual Studio 2010
Project("{FAE04EC0-301F-11D3-BF4B-00C04F79EFBC}") = "Assembly-CSharp", "Assembly-CSharp.csproj", "{721649AF-25C3-1E63-284B-3FEE2736CD5D}"
EndProject
Project("{FAE04EC0-301F-11D3-BF4B-00C04F79EFBC}") = "Game.Runtime", "Game.Runtime.csproj", "{31266418-B5C9-0FCA-D54E-328E55857239}"
EndProject
Global
	GlobalSection(SolutionConfigurationPlatforms) = preSolution
		Debug|Any CPU = Debug|Any CPU
		Release|Any CPU = Release|Any CPU
	EndGlobalSection
	GlobalSection(ProjectConfigurationPlatforms) = postSolution
		{721649AF-25C3-1E63-284B-3FEE2736CD5D}.Debug|Any CPU.ActiveCfg = Debug|Any CPU
		{721649AF-25C3-1E63-284B-3FEE2736CD5D}.Debug|Any CPU.Build.0 = Debug|Any CPU
		{721649AF-25C3-1E63-284B-3FEE2736CD5D}.Release|Any CPU.ActiveCfg = Release|Any CPU
		{721649AF-25C3-1E63-284B-3FEE2736CD5D}.Release|Any CPU.Build.0 = Release|Any CPU
		{31266418-B5C9-0FCA-D54E-328E55857239}.Debug|Any CPU.ActiveCfg = Debug|Any CPU
		{31266418-B5C9-0FCA-D54E-328E55857239}.Debug|Any CPU.Build.0 = Debug|Any CPU
		{31266418-B5C9-0FCA-D54E-328E55857239}.Release|Any CPU.ActiveCfg = Release|Any CPU
		{31266418-B5C9-0FCA-D54E-328E55857239}.Release|Any CPU.Build.0 = Release|Any CPU
	EndGlobalSection
	GlobalSection(SolutionProperties) = preSolution
		HideSolutionNode = FALSE
	EndGlobalSection
EndGlobal
